github.com/JZXHanta/OSInfo v0.0.0-20240203053758-5c4d199d091f h1:N6/44MZwEqmEok1fVoVOv9elCh+ErLE68WqHgdu3Lfg=
github.com/JZXHanta/OSInfo v0.0.0-20240203053758-5c4d199d091f/go.mod h1:9afHxgCU0N8dJAymWeh0MfU4PAdrka8xK3cq+j+gbDE=
github.com/SermoDigital/helpers v0.0.0-20170320233626-8de2321850d4 h1:OpbP8L+4lEWTkcjZDRasEOF7KA9yzjvkISeDz+M1JCI=
github.com/SermoDigital/helpers v0.0.0-20170320233626-8de2321850d4/go.mod h1:j8FxiosMdhJpDCvfE1Z67AgWg9jc4FR1184ldQ+Us9E=
github.com/davecgh/go-spew v1.1.0/go.mod h1:J7Y8YcW2NihsgmVo/mv3lAwl/skON4iLHjSsI+c5H38=
github.com/davecgh/go-spew v1.1.1/go.mod h1:J7Y8YcW2NihsgmVo/mv3lAwl/skON4iLHjSsI+c5H38=
github.com/dgryski/go-pcgr v0.0.0-20211101192959-4b34ab9ccb8c h1:f26exq4Heidug80gN340GXU86doiFKGUYFluBO+mbDk=
github.com/dgryski/go-pcgr v0.0.0-20211101192959-4b34ab9ccb8c/go.mod h1:ztV/u9hqJRBCT0P03v0Ueol7unBefCKL+paOoIZkR88=
github.com/dgryski/go-xoroshiro v0.0.0-20210625010205-26d2b3edde97 h1:GXxCk9Tc+w59UHVavFBKti6KopveHUialfO3qZ3sQz4=
github.com/dgryski/go-xoroshiro v0.0.0-20210625010205-26d2b3edde97/go.mod h1:1nArOX1ahGQWpRvbQiQDpMTp8cw1PyK+PyjUCbX3re4=
github.com/enki/fastprng v0.0.0-20190912035746-b46f877a1a50 h1:rEb10MoloN0R4OXOGCLoAKhWnnuE/WK6loew/rWT0AY=
github.com/enki/fastprng v0.0.0-20190912035746-b46f877a1a50/go.mod h1:fmNBkPdX9WKwCxNL5AdR7/d4eLG+ccEHOmYrgIoBq0c=
github.com/go-ole/go-ole v1.2.6 h1:/Fpf6oFPoeFik9ty7siob0G6Ke8QvQEuVcuChpwXzpY=
github.com/go-ole/go-ole v1.2.6/go.mod h1:pprOEPIfldk/42T2oK7lQ4v4JSDwmV0As9GaiUsvbm0=
github.com/google/go-cmp v0.5.6/go.mod h1:v8dTdLbMG2kIc/vJvl+f65V22dbkXbowE6jgT/gNBxE=
github.com/google/go-cmp v0.5.9/go.mod h1:17dUlkBOakJ0+DkrSSNjCkIjxS6bF9zb3elmeNGIjoY=
github.com/google/go-cmp v0.6.0/go.mod h1:17dUlkBOakJ0+DkrSSNjCkIjxS6bF9zb3elmeNGIjoY=
github.com/lazybeaver/xorshift v0.0.0-20170702203709-ce511d4823dd h1:TfmftEfB1zJiDTFi3Qw1xlbEbfJPKUhEDC19clfBMb8=
github.com/lazybeaver/xorshift v0.0.0-20170702203709-ce511d4823dd/go.mod h1:qXyNSomGEqu0M7ewNl3CLgle09PFHk8++5NrBWCz7+Q=
github.com/lufia/plan9stats v0.0.0-20211012122336-39d0f177ccd0 h1:6E+4a0GO5zZEnZ81pIr0yLvtUWk2if982qA3F3QD6H4=
github.com/lufia/plan9stats v0.0.0-20211012122336-39d0f177ccd0/go.mod h1:zJYVVT2jmtg6P3p1VtQj7WsuWi/y4VnjVBn7F8KPB3I=
github.com/mohae/joefriday v0.0.0-20170926205446-2d83fc975dd8 h1:MILeGfbowe+I3J2JBrj00dKIJted75Cr+hkPXwuajVY=
github.com/mohae/joefriday v0.0.0-20170926205446-2d83fc975dd8/go.mod h1:l4omcEDS/+nariqcTsg5f9ye48TWTCumMvdBLrzuHCk=
github.com/mohae/randchars v0.0.0-20170727203217-89ffe2e7dfda h1:XfGM7GvMmUGlY3+PdaIZ2KCqE92keIVvWJVPCdGerMY=
github.com/mohae/randchars v0.0.0-20170727203217-89ffe2e7dfda/go.mod h1:TGdyxegKRezLvxaMVHMl6+bZty4XEW3nEahSQ212qI0=
github.com/pbnjay/memory v0.0.0-20210728143218-7b4eea64cf58 h1:onHthvaw9LFnH4t2DcNVpwGmV9E1BkGknEliJkfwQj0=
github.com/pbnjay/memory v0.0.0-20210728143218-7b4eea64cf58/go.mod h1:DXv8WO4yhMYhSNPKjeNKa5WY9YCIEBRbNzFFPJbWO6Y=
github.com/pmezard/go-difflib v1.0.0/go.mod h1:iKH77koFhYxTK1pcRnkKkqfTogsbg7gZNVY4sRDYZ/4=
github.com/power-devops/perfstat v0.0.0-20210106213030-5aafc221ea8c h1:ncq/mPwQF4JjgDlrVEn3C11VoGHZN7m8qihwgMEtzYw=
github.com/power-devops/perfstat v0.0.0-20210106213030-5aafc221ea8c/go.mod h1:OmDBASR4679mdNQnz2pUhc2G8CO2JrUAVFDRBDP/hJE=
github.com/shirou/gopsutil/v3 v3.24.1 h1:R3t6ondCEvmARp3wxODhXMTLC/klMa87h2PHUw5m7QI=
github.com/shirou/gopsutil/v3 v3.24.1/go.mod h1:UU7a2MSBQa+kW1uuDq8DeEBS8kmrnQwsv2b5O513rwU=
github.com/shoenig/go-m1cpu v0.1.6 h1:nxdKQNcEB6vzgA2E2bvzKIYRuNj7XNJ4S/aRSwKzFtM=
github.com/shoenig/go-m1cpu v0.1.6/go.mod h1:1JJMcUBvfNwpq05QDQVAnx3gUHr9IYF7GNg9SUEw2VQ=
github.com/shoenig/test v0.6.4/go.mod h1:byHiCGXqrVaflBLAMq/srcZIHynQPQgeyvkvXnjqq0k=
github.com/stretchr/objx v0.1.0/go.mod h1:HFkY916IF+rwdDfMAkV7OtwuqBVzrE8GR6GFx+wExME=
github.com/stretchr/objx v0.4.0/go.mod h1:YvHI0jy2hoMjB+UWwv71VJQ9isScKT/TqJzVSSt89Yw=
github.com/stretchr/objx v0.5.0/go.mod h1:Yh+to48EsGEfYuaHDzXPcE3xhTkx73EhmCGUpEOglKo=
github.com/stretchr/testify v1.7.1/go.mod h1:6Fq8oRcR53rry900zMqJjRRixrwX3KX962/h/Wwjteg=
github.com/stretchr/testify v1.8.0/go.mod h1:yNjHg4UonilssWZ8iaSj1OCr/vHnekPRkoO+kdMU+MU=
github.com/stretchr/testify v1.8.4/go.mod h1:sz/lmYIOXD/1dqDmKjjqLyZ2RngseejIcXlSw2iwfAo=
github.com/tklauser/go-sysconf v0.3.12 h1:0QaGUFOdQaIVdPgfITYzaTegZvdCjmYO52cSFAEVmqU=
github.com/tklauser/go-sysconf v0.3.12/go.mod h1:Ho14jnntGE1fpdOqQEEaiKRpvIavV0hSfmBq8nJbHYI=
github.com/tklauser/numcpus v0.6.1 h1:ng9scYS7az0Bk4OZLvrNXNSAO2Pxr1XXRAPyjhIx+Fk=
github.com/tklauser/numcpus v0.6.1/go.mod h1:1XfjsgE2zo8GVw7POkMbHENHzVg3GzmoZ9fESEdAacY=
github.com/yusufpapurcu/wmi v1.2.3 h1:E1ctvB7uKFMOJw3fdOW32DwGE9I7t++CRUEMKvFoFiw=
github.com/yusufpapurcu/wmi v1.2.3/go.mod h1:SBZ9tNy3G9/m5Oi98Zks0QjeHVDvuK0qfxQmPyzfmi0=
golang.org/x/sys v0.0.0-20190916202348-b4ddaad3f8a3/go.mod h1:h1NjWce9XRLGQEsW7wpKNCjG9DtNlClVuFLEZdDNbEs=
golang.org/x/sys v0.0.0-20201204225414-ed752295db88/go.mod h1:h1NjWce9XRLGQEsW7wpKNCjG9DtNlClVuFLEZdDNbEs=
golang.org/x/sys v0.8.0/go.mod h1:oPkhp1MJrh7nUepCBck5+mAzfO9JrbApNNgaTdGDITg=
golang.org/x/sys v0.11.0/go.mod h1:oPkhp1MJrh7nUepCBck5+mAzfO9JrbApNNgaTdGDITg=
golang.org/x/sys v0.16.0 h1:xWw16ngr6ZMtmxDyKyIgsE93KNKz5HKmMa3b8ALHidU=
golang.org/x/sys v0.16.0/go.mod h1:/VUhepiaJMQUp4+oa/7Zr1D23ma6VTLIYjOOTFZPUcA=
golang.org/x/xerrors v0.0.0-20191204190536-9bdfabe68543/go.mod h1:I/5z698sn9Ka8TeJc9MKroUUfqBBauWjQqLJ2OPfmY0=
gopkg.in/check.v1 v0.0.0-20161208181325-20d25e280405/go.mod h1:Co6ibVJAznAaIkqp8huTwlJQCZ016jof/cbN4VW5Yz0=
gopkg.in/yaml.v3 v3.0.0-20200313102051-9f266ea9e77c/go.mod h1:K4uyk7z7BCEPqu6E+C64Yfv1cQ7kz7rIZviUmN+EgEM=
gopkg.in/yaml.v3 v3.0.1/go.mod h1:K4uyk7z7BCEPqu6E+C64Yfv1cQ7kz7rIZviUmN+EgEM=
